
Microsoft Visual Studio Solution File, Format Version 12.00
# Visual Studio Version 17
VisualStudioVersion = 17.0.31903.59
MinimumVisualStudioVersion = 10.0.40219.1
Project("{FAE04EC0-301F-11D3-BF4B-00C04F79EFBC}") = "TMSLesson17", "TMSLesson17\TMSLesson17.csproj", "{08B60CD0-32EB-4B43-BE22-29DEE8F39233}"
EndProject
Global
	GlobalSection(SolutionConfigurationPlatforms) = preSolution
		Debug|Any CPU = Debug|Any CPU
		Release|Any CPU = Release|Any CPU
	EndGlobalSection
	GlobalSection(ProjectConfigurationPlatforms) = postSolution
		{08B60CD0-32EB-4B43-BE22-29DEE8F39233}.Debug|Any CPU.ActiveCfg = Debug|Any CPU
		{08B60CD0-32EB-4B43-BE22-29DEE8F39233}.Debug|Any CPU.Build.0 = Debug|Any CPU
		{08B60CD0-32EB-4B43-BE22-29DEE8F39233}.Release|Any CPU.ActiveCfg = Release|Any CPU
		{08B60CD0-32EB-4B43-BE22-29DEE8F39233}.Release|Any CPU.Build.0 = Release|Any CPU
	EndGlobalSection
	GlobalSection(SolutionProperties) = preSolution
		HideSolutionNode = FALSE
	EndGlobalSection
	GlobalSection(ExtensibilityGlobals) = postSolution
		SolutionGuid = {009BCB98-E830-4AAD-B427-30543832FBFA}
	EndGlobalSection
EndGlobal
